
Microsoft Visual Studio Solution File, Format Version 12.00
# Visual Studio Version 17
VisualStudioVersion = 17.11.35303.130
MinimumVisualStudioVersion = 10.0.40219.1
Project("{FAE04EC0-301F-11D3-BF4B-00C04F79EFBC}") = "green-front", "green-front\green-front.csproj", "{12DE3147-3FC5-4EB8-B496-059909AC57F6}"
EndProject
Global
	GlobalSection(SolutionConfigurationPlatforms) = preSolution
		Debug|Any CPU = Debug|Any CPU
		Release|Any CPU = Release|Any CPU
	EndGlobalSection
	GlobalSection(ProjectConfigurationPlatforms) = postSolution
		{12DE3147-3FC5-4EB8-B496-059909AC57F6}.Debug|Any CPU.ActiveCfg = Debug|Any CPU
		{12DE3147-3FC5-4EB8-B496-059909AC57F6}.Debug|Any CPU.Build.0 = Debug|Any CPU
		{12DE3147-3FC5-4EB8-B496-059909AC57F6}.Release|Any CPU.ActiveCfg = Release|Any CPU
		{12DE3147-3FC5-4EB8-B496-059909AC57F6}.Release|Any CPU.Build.0 = Release|Any CPU
	EndGlobalSection
	GlobalSection(SolutionProperties) = preSolution
		HideSolutionNode = FALSE
	EndGlobalSection
	GlobalSection(ExtensibilityGlobals) = postSolution
		SolutionGuid = {F3A0B4D3-F399-42F1-AE2E-C5C3C4A78A6A}
	EndGlobalSection
EndGlobal
